
Microsoft Visual Studio Solution File, Format Version 12.00
# Visual Studio Version 16
VisualStudioVersion = 16.0.30621.155
MinimumVisualStudioVersion = 10.0.40219.1
Project("{FAE04EC0-301F-11D3-BF4B-00C04F79EFBC}") = "PasswordGeneratorUI", "PasswordGeneratorUI\PasswordGeneratorUI.csproj", "{0D56EE86-247B-4ECB-896E-206225FC0325}"
EndProject
Project("{FAE04EC0-301F-11D3-BF4B-00C04F79EFBC}") = "PasswordGenerator", "PasswordGenerator\PasswordGenerator.csproj", "{BFBC8B28-81D6-4DC9-AD32-09EF7E2A5569}"
EndProject
Global
	GlobalSection(SolutionConfigurationPlatforms) = preSolution
		Debug|Any CPU = Debug|Any CPU
		Release|Any CPU = Release|Any CPU
	EndGlobalSection
	GlobalSection(ProjectConfigurationPlatforms) = postSolution
		{0D56EE86-247B-4ECB-896E-206225FC0325}.Debug|Any CPU.ActiveCfg = Debug|Any CPU
		{0D56EE86-247B-4ECB-896E-206225FC0325}.Debug|Any CPU.Build.0 = Debug|Any CPU
		{0D56EE86-247B-4ECB-896E-206225FC0325}.Release|Any CPU.ActiveCfg = Release|Any CPU
		{0D56EE86-247B-4ECB-896E-206225FC0325}.Release|Any CPU.Build.0 = Release|Any CPU
		{BFBC8B28-81D6-4DC9-AD32-09EF7E2A5569}.Debug|Any CPU.ActiveCfg = Debug|Any CPU
		{BFBC8B28-81D6-4DC9-AD32-09EF7E2A5569}.Debug|Any CPU.Build.0 = Debug|Any CPU
		{BFBC8B28-81D6-4DC9-AD32-09EF7E2A5569}.Release|Any CPU.ActiveCfg = Release|Any CPU
		{BFBC8B28-81D6-4DC9-AD32-09EF7E2A5569}.Release|Any CPU.Build.0 = Release|Any CPU
	EndGlobalSection
	GlobalSection(SolutionProperties) = preSolution
		HideSolutionNode = FALSE
	EndGlobalSection
	GlobalSection(ExtensibilityGlobals) = postSolution
		SolutionGuid = {D485310A-003D-4D5E-87A6-46A99F7020D4}
	EndGlobalSection
EndGlobal
